
Microsoft Visual Studio Solution File, Format Version 12.00
# Visual Studio Version 17
VisualStudioVersion = 17.1.32328.378
MinimumVisualStudioVersion = 10.0.40219.1
Project("{FAE04EC0-301F-11D3-BF4B-00C04F79EFBC}") = "SeleniumExercise", "SeleniumExercise\SeleniumExercise.csproj", "{27DCA714-EC85-401B-B813-69CD243CA7AD}"
EndProject
Global
	GlobalSection(SolutionConfigurationPlatforms) = preSolution
		Debug|Any CPU = Debug|Any CPU
		Release|Any CPU = Release|Any CPU
	EndGlobalSection
	GlobalSection(ProjectConfigurationPlatforms) = postSolution
		{27DCA714-EC85-401B-B813-69CD243CA7AD}.Debug|Any CPU.ActiveCfg = Debug|Any CPU
		{27DCA714-EC85-401B-B813-69CD243CA7AD}.Debug|Any CPU.Build.0 = Debug|Any CPU
		{27DCA714-EC85-401B-B813-69CD243CA7AD}.Release|Any CPU.ActiveCfg = Release|Any CPU
		{27DCA714-EC85-401B-B813-69CD243CA7AD}.Release|Any CPU.Build.0 = Release|Any CPU
	EndGlobalSection
	GlobalSection(SolutionProperties) = preSolution
		HideSolutionNode = FALSE
	EndGlobalSection
	GlobalSection(ExtensibilityGlobals) = postSolution
		SolutionGuid = {8EA487E0-F016-4F80-AFD4-9C5723162B62}
	EndGlobalSection
EndGlobal
